Microsoft Visual Studio Solution File, Format Version 12.00
# Visual Studio 2012
Project("{FAE04EC0-301F-11D3-BF4B-00C04F79EFBC}") = "Circle Jump", "Circle Jump.csproj", "{F815E535-7A7A-4B5B-97CD-8E2899C80404}"
EndProject
Global
	GlobalSection(SolutionConfigurationPlatforms) = preSolution
	Debug|Any CPU = Debug|Any CPU
	ExportDebug|Any CPU = ExportDebug|Any CPU
	ExportRelease|Any CPU = ExportRelease|Any CPU
	EndGlobalSection
	GlobalSection(ProjectConfigurationPlatforms) = postSolution
		{F815E535-7A7A-4B5B-97CD-8E2899C80404}.Debug|Any CPU.ActiveCfg = Debug|Any CPU
		{F815E535-7A7A-4B5B-97CD-8E2899C80404}.Debug|Any CPU.Build.0 = Debug|Any CPU
		{F815E535-7A7A-4B5B-97CD-8E2899C80404}.ExportDebug|Any CPU.ActiveCfg = ExportDebug|Any CPU
		{F815E535-7A7A-4B5B-97CD-8E2899C80404}.ExportDebug|Any CPU.Build.0 = ExportDebug|Any CPU
		{F815E535-7A7A-4B5B-97CD-8E2899C80404}.ExportRelease|Any CPU.ActiveCfg = ExportRelease|Any CPU
		{F815E535-7A7A-4B5B-97CD-8E2899C80404}.ExportRelease|Any CPU.Build.0 = ExportRelease|Any CPU
	EndGlobalSection
EndGlobal
